// !$*UTF8*$!
{
	archiveVersion = 1;
	classes = {
	};
	objectVersion = 55;
	objects = {

/* Begin PBXBuildFile section */
		431948872752D6460023AB63 /* AppsSearchController.swift in Sources */ = {isa = PBXBuildFile; fileRef = 431948862752D6460023AB63 /* AppsSearchController.swift */; };
		4319488A27583B570023AB63 /* SearchResultCell.swift in Sources */ = {isa = PBXBuildFile; fileRef = 4319488927583B570023AB63 /* SearchResultCell.swift */; };
		4319488F2758C2DB0023AB63 /* UIView+Layout.swift in Sources */ = {isa = PBXBuildFile; fileRef = 4319488E2758C2DB0023AB63 /* UIView+Layout.swift */; };
		431948912758CD9A0023AB63 /* VerticalStackView.swift in Sources */ = {isa = PBXBuildFile; fileRef = 431948902758CD9A0023AB63 /* VerticalStackView.swift */; };
		431949BE2769154D0023AB63 /* SearchResult.swift in Sources */ = {isa = PBXBuildFile; fileRef = 431949BD2769154D0023AB63 /* SearchResult.swift */; };
		431949C127691C9F0023AB63 /* Service.swift in Sources */ = {isa = PBXBuildFile; fileRef = 431949C027691C9F0023AB63 /* Service.swift */; };
		431949C4276DF0BE0023AB63 /* AppsPageController.swift in Sources */ = {isa = PBXBuildFile; fileRef = 431949C3276DF0BE0023AB63 /* AppsPageController.swift */; };
		431949C6276DF2000023AB63 /* BaseListController.swift in Sources */ = {isa = PBXBuildFile; fileRef = 431949C5276DF2000023AB63 /* BaseListController.swift */; };
		431949CA276DF6210023AB63 /* AppsGroupCell.swift in Sources */ = {isa = PBXBuildFile; fileRef = 431949C9276DF6210023AB63 /* AppsGroupCell.swift */; };
		431949CC276DFBA20023AB63 /* AppsHorizontalController.swift in Sources */ = {isa = PBXBuildFile; fileRef = 431949CB276DFBA20023AB63 /* AppsHorizontalController.swift */; };
		431949CE276E222D0023AB63 /* AppRowCell.swift in Sources */ = {isa = PBXBuildFile; fileRef = 431949CD276E222D0023AB63 /* AppRowCell.swift */; };
		431949D0276E23830023AB63 /* Extensions.swift in Sources */ = {isa = PBXBuildFile; fileRef = 431949CF276E23830023AB63 /* Extensions.swift */; };
		431949D2276E35ED0023AB63 /* AppsPageHeader.swift in Sources */ = {isa = PBXBuildFile; fileRef = 431949D1276E35ED0023AB63 /* AppsPageHeader.swift */; };
		431949D4276E39470023AB63 /* AppsHeaderHorizontalController.swift in Sources */ = {isa = PBXBuildFile; fileRef = 431949D3276E39470023AB63 /* AppsHeaderHorizontalController.swift */; };
		431949D6276E3CBB0023AB63 /* AppsHeaderCell.swift in Sources */ = {isa = PBXBuildFile; fileRef = 431949D5276E3CBB0023AB63 /* AppsHeaderCell.swift */; };
		431949D8276E4AD00023AB63 /* AppGroup.swift in Sources */ = {isa = PBXBuildFile; fileRef = 431949D7276E4AD00023AB63 /* AppGroup.swift */; };
		431949DA277105440023AB63 /* SocialApp.swift in Sources */ = {isa = PBXBuildFile; fileRef = 431949D9277105440023AB63 /* SocialApp.swift */; };
		431949DC27722FE70023AB63 /* HorizontalSnappingController.swift in Sources */ = {isa = PBXBuildFile; fileRef = 431949DB27722FE70023AB63 /* HorizontalSnappingController.swift */; };
		431949DE27723D3B0023AB63 /* BetterSnappingLayout.swift in Sources */ = {isa = PBXBuildFile; fileRef = 431949DD27723D3B0023AB63 /* BetterSnappingLayout.swift */; };
		431949E1277250D20023AB63 /* AppDetailController.swift in Sources */ = {isa = PBXBuildFile; fileRef = 431949E0277250D20023AB63 /* AppDetailController.swift */; };
		431949E42773377A0023AB63 /* AppDetailCell.swift in Sources */ = {isa = PBXBuildFile; fileRef = 431949E3277337790023AB63 /* AppDetailCell.swift */; };
		431949E62773A61E0023AB63 /* PreviewCell.swift in Sources */ = {isa = PBXBuildFile; fileRef = 431949E52773A61E0023AB63 /* PreviewCell.swift */; };
		431949E82773A93C0023AB63 /* PreviewScreenshotsController.swift in Sources */ = {isa = PBXBuildFile; fileRef = 431949E72773A93C0023AB63 /* PreviewScreenshotsController.swift */; };
		431949EA277790AC0023AB63 /* ReviewRowCell.swift in Sources */ = {isa = PBXBuildFile; fileRef = 431949E9277790AC0023AB63 /* ReviewRowCell.swift */; };
		431949EC277797BD0023AB63 /* ReviewsController.swift in Sources */ = {isa = PBXBuildFile; fileRef = 431949EB277797BD0023AB63 /* ReviewsController.swift */; };
		431949EE27779B0E0023AB63 /* ReviewCell.swift in Sources */ = {isa = PBXBuildFile; fileRef = 431949ED27779B0E0023AB63 /* ReviewCell.swift */; };
		431949F02778847D0023AB63 /* Reviews.swift in Sources */ = {isa = PBXBuildFile; fileRef = 431949EF2778847D0023AB63 /* Reviews.swift */; };
		43C2738B274988A80044B67E /* AppDelegate.swift in Sources */ = {isa = PBXBuildFile; fileRef = 43C2738A274988A80044B67E /* AppDelegate.swift */; };
		43C2738D274988A80044B67E /* SceneDelegate.swift in Sources */ = {isa = PBXBuildFile; fileRef = 43C2738C274988A80044B67E /* SceneDelegate.swift */; };
		43C2738F274988A80044B67E /* ViewController.swift in Sources */ = {isa = PBXBuildFile; fileRef = 43C2738E274988A80044B67E /* ViewController.swift */; };
		43C27392274988A80044B67E /* Main.storyboard in Resources */ = {isa = PBXBuildFile; fileRef = 43C27390274988A80044B67E /* Main.storyboard */; };
		43C27394274988A90044B67E /* Assets.xcassets in Resources */ = {isa = PBXBuildFile; fileRef = 43C27393274988A90044B67E /* Assets.xcassets */; };
		43C27397274988A90044B67E /* LaunchScreen.storyboard in Resources */ = {isa = PBXBuildFile; fileRef = 43C27395274988A90044B67E /* LaunchScreen.storyboard */; };
		43C273A2274988A90044B67E /* AppStoreTests.swift in Sources */ = {isa = PBXBuildFile; fileRef = 43C273A1274988A90044B67E /* AppStoreTests.swift */; };
		43C273AC274988A90044B67E /* AppStoreUITests.swift in Sources */ = {isa = PBXBuildFile; fileRef = 43C273AB274988A90044B67E /* AppStoreUITests.swift */; };
		43C273AE274988A90044B67E /* AppStoreUITestsLaunchTests.swift in Sources */ = {isa = PBXBuildFile; fileRef = 43C273AD274988A90044B67E /* AppStoreUITestsLaunchTests.swift */; };
		43C273BB2749899A0044B67E /* BaseTabBarController.swift in Sources */ = {isa = PBXBuildFile; fileRef = 43C273BA2749899A0044B67E /* BaseTabBarController.swift */; };
		58C1647A150905CD45D0629A /* Pods_AppStoreTests.framework in Frameworks */ = {isa = PBXBuildFile; fileRef = 36B30678E3FEDAD5930974C8 /* Pods_AppStoreTests.framework */; };
		6C36270581AA3ADCDAB9D7E8 /* Pods_AppStore_AppStoreUITests.framework in Frameworks */ = {isa = PBXBuildFile; fileRef = 6EFE92E9EFF5D5FD7551DB0F /* Pods_AppStore_AppStoreUITests.framework */; };
		C714D06A9101190C2970F583 /* Pods_AppStore.framework in Frameworks */ = {isa = PBXBuildFile; fileRef = DE5023C39E18CCC733B19B6C /* Pods_AppStore.framework */; };
/* End PBXBuildFile section */

/* Begin PBXContainerItemProxy section */
		43C2739E274988A90044B67E /* PBXContainerItemProxy */ = {
			isa = PBXContainerItemProxy;
			containerPortal = 43C2737F274988A80044B67E /* Project object */;
			proxyType = 1;
			remoteGlobalIDString = 43C27386274988A80044B67E;
			remoteInfo = AppStore;
		};
		43C273A8274988A90044B67E /* PBXContainerItemProxy */ = {
			isa = PBXContainerItemProxy;
			containerPortal = 43C2737F274988A80044B67E /* Project object */;
			proxyType = 1;
			remoteGlobalIDString = 43C27386274988A80044B67E;
			remoteInfo = AppStore;
		};
/* End PBXContainerItemProxy section */

/* Begin PBXFileReference section */
		36B30678E3FEDAD5930974C8 /* Pods_AppStoreTests.framework */ = {isa = PBXFileReference; explicitFileType = wrapper.framework; includeInIndex = 0; path = Pods_AppStoreTests.framework; sourceTree = BUILT_PRODUCTS_DIR; };
		431948862752D6460023AB63 /* AppsSearchController.swift */ = {isa = PBXFileReference; lastKnownFileType = sourcecode.swift; path = AppsSearchController.swift; sourceTree = "<group>"; };
		4319488927583B570023AB63 /* SearchResultCell.swift */ = {isa = PBXFileReference; lastKnownFileType = sourcecode.swift; path = SearchResultCell.swift; sourceTree = "<group>"; };
		4319488E2758C2DB0023AB63 /* UIView+Layout.swift */ = {isa = PBXFileReference; fileEncoding = 4; lastKnownFileType = sourcecode.swift; name = "UIView+Layout.swift"; path = "../../../../../../Downloads/UIView+Layout.swift"; sourceTree = "<group>"; };
		431948902758CD9A0023AB63 /* VerticalStackView.swift */ = {isa = PBXFileReference; lastKnownFileType = sourcecode.swift; path = VerticalStackView.swift; sourceTree = "<group>"; };
		431949BD2769154D0023AB63 /* SearchResult.swift */ = {isa = PBXFileReference; lastKnownFileType = sourcecode.swift; path = SearchResult.swift; sourceTree = "<group>"; };
		431949C027691C9F0023AB63 /* Service.swift */ = {isa = PBXFileReference; lastKnownFileType = sourcecode.swift; path = Service.swift; sourceTree = "<group>"; };
		431949C3276DF0BE0023AB63 /* AppsPageController.swift */ = {isa = PBXFileReference; lastKnownFileType = sourcecode.swift; path = AppsPageController.swift; sourceTree = "<group>"; };
		431949C5276DF2000023AB63 /* BaseListController.swift */ = {isa = PBXFileReference; lastKnownFileType = sourcecode.swift; path = BaseListController.swift; sourceTree = "<group>"; };
		431949C9276DF6210023AB63 /* AppsGroupCell.swift */ = {isa = PBXFileReference; lastKnownFileType = sourcecode.swift; path = AppsGroupCell.swift; sourceTree = "<group>"; };
		431949CB276DFBA20023AB63 /* AppsHorizontalController.swift */ = {isa = PBXFileReference; lastKnownFileType = sourcecode.swift; path = AppsHorizontalController.swift; sourceTree = "<group>"; };
		431949CD276E222D0023AB63 /* AppRowCell.swift */ = {isa = PBXFileReference; lastKnownFileType = sourcecode.swift; path = AppRowCell.swift; sourceTree = "<group>"; };
		431949CF276E23830023AB63 /* Extensions.swift */ = {isa = PBXFileReference; lastKnownFileType = sourcecode.swift; path = Extensions.swift; sourceTree = "<group>"; };
		431949D1276E35ED0023AB63 /* AppsPageHeader.swift */ = {isa = PBXFileReference; lastKnownFileType = sourcecode.swift; path = AppsPageHeader.swift; sourceTree = "<group>"; };
		431949D3276E39470023AB63 /* AppsHeaderHorizontalController.swift */ = {isa = PBXFileReference; lastKnownFileType = sourcecode.swift; path = AppsHeaderHorizontalController.swift; sourceTree = "<group>"; };
		431949D5276E3CBB0023AB63 /* AppsHeaderCell.swift */ = {isa = PBXFileReference; lastKnownFileType = sourcecode.swift; path = AppsHeaderCell.swift; sourceTree = "<group>"; };
		431949D7276E4AD00023AB63 /* AppGroup.swift */ = {isa = PBXFileReference; lastKnownFileType = sourcecode.swift; path = AppGroup.swift; sourceTree = "<group>"; };
		431949D9277105440023AB63 /* SocialApp.swift */ = {isa = PBXFileReference; lastKnownFileType = sourcecode.swift; path = SocialApp.swift; sourceTree = "<group>"; };
		431949DB27722FE70023AB63 /* HorizontalSnappingController.swift */ = {isa = PBXFileReference; lastKnownFileType = sourcecode.swift; path = HorizontalSnappingController.swift; sourceTree = "<group>"; };
		431949DD27723D3B0023AB63 /* BetterSnappingLayout.swift */ = {isa = PBXFileReference; lastKnownFileType = sourcecode.swift; path = BetterSnappingLayout.swift; sourceTree = "<group>"; };
		431949E0277250D20023AB63 /* AppDetailController.swift */ = {isa = PBXFileReference; lastKnownFileType = sourcecode.swift; path = AppDetailController.swift; sourceTree = "<group>"; };
		431949E3277337790023AB63 /* AppDetailCell.swift */ = {isa = PBXFileReference; lastKnownFileType = sourcecode.swift; path = AppDetailCell.swift; sourceTree = "<group>"; };
		431949E52773A61E0023AB63 /* PreviewCell.swift */ = {isa = PBXFileReference; lastKnownFileType = sourcecode.swift; path = PreviewCell.swift; sourceTree = "<group>"; };
		431949E72773A93C0023AB63 /* PreviewScreenshotsController.swift */ = {isa = PBXFileReference; lastKnownFileType = sourcecode.swift; path = PreviewScreenshotsController.swift; sourceTree = "<group>"; };
		431949E9277790AC0023AB63 /* ReviewRowCell.swift */ = {isa = PBXFileReference; lastKnownFileType = sourcecode.swift; path = ReviewRowCell.swift; sourceTree = "<group>"; };
		431949EB277797BD0023AB63 /* ReviewsController.swift */ = {isa = PBXFileReference; lastKnownFileType = sourcecode.swift; path = ReviewsController.swift; sourceTree = "<group>"; };
		431949ED27779B0E0023AB63 /* ReviewCell.swift */ = {isa = PBXFileReference; lastKnownFileType = sourcecode.swift; path = ReviewCell.swift; sourceTree = "<group>"; };
		431949EF2778847D0023AB63 /* Reviews.swift */ = {isa = PBXFileReference; lastKnownFileType = sourcecode.swift; path = Reviews.swift; sourceTree = "<group>"; };
		43C27387274988A80044B67E /* AppStore.app */ = {isa = PBXFileReference; explicitFileType = wrapper.application; includeInIndex = 0; path = AppStore.app; sourceTree = BUILT_PRODUCTS_DIR; };
		43C2738A274988A80044B67E /* AppDelegate.swift */ = {isa = PBXFileReference; lastKnownFileType = sourcecode.swift; path = AppDelegate.swift; sourceTree = "<group>"; };
		43C2738C274988A80044B67E /* SceneDelegate.swift */ = {isa = PBXFileReference; lastKnownFileType = sourcecode.swift; path = SceneDelegate.swift; sourceTree = "<group>"; };
		43C2738E274988A80044B67E /* ViewController.swift */ = {isa = PBXFileReference; lastKnownFileType = sourcecode.swift; path = ViewController.swift; sourceTree = "<group>"; };
		43C27391274988A80044B67E /* Base */ = {isa = PBXFileReference; lastKnownFileType = file.storyboard; name = Base; path = Base.lproj/Main.storyboard; sourceTree = "<group>"; };
		43C27393274988A90044B67E /* Assets.xcassets */ = {isa = PBXFileReference; lastKnownFileType = folder.assetcatalog; path = Assets.xcassets; sourceTree = "<group>"; };
		43C27396274988A90044B67E /* Base */ = {isa = PBXFileReference; lastKnownFileType = file.storyboard; name = Base; path = Base.lproj/LaunchScreen.storyboard; sourceTree = "<group>"; };
		43C27398274988A90044B67E /* Info.plist */ = {isa = PBXFileReference; lastKnownFileType = text.plist.xml; path = Info.plist; sourceTree = "<group>"; };
		43C2739D274988A90044B67E /* AppStoreTests.xctest */ = {isa = PBXFileReference; explicitFileType = wrapper.cfbundle; includeInIndex = 0; path = AppStoreTests.xctest; sourceTree = BUILT_PRODUCTS_DIR; };
		43C273A1274988A90044B67E /* AppStoreTests.swift */ = {isa = PBXFileReference; lastKnownFileType = sourcecode.swift; path = AppStoreTests.swift; sourceTree = "<group>"; };
		43C273A7274988A90044B67E /* AppStoreUITests.xctest */ = {isa = PBXFileReference; explicitFileType = wrapper.cfbundle; includeInIndex = 0; path = AppStoreUITests.xctest; sourceTree = BUILT_PRODUCTS_DIR; };
		43C273AB274988A90044B67E /* AppStoreUITests.swift */ = {isa = PBXFileReference; lastKnownFileType = sourcecode.swift; path = AppStoreUITests.swift; sourceTree = "<group>"; };
		43C273AD274988A90044B67E /* AppStoreUITestsLaunchTests.swift */ = {isa = PBXFileReference; lastKnownFileType = sourcecode.swift; path = AppStoreUITestsLaunchTests.swift; sourceTree = "<group>"; };
		43C273BA2749899A0044B67E /* BaseTabBarController.swift */ = {isa = PBXFileReference; lastKnownFileType = sourcecode.swift; path = BaseTabBarController.swift; sourceTree = "<group>"; };
		4A11141C5221600630883753 /* Pods-AppStore.debug.xcconfig */ = {isa = PBXFileReference; includeInIndex = 1; lastKnownFileType = text.xcconfig; name = "Pods-AppStore.debug.xcconfig"; path = "Target Support Files/Pods-AppStore/Pods-AppStore.debug.xcconfig"; sourceTree = "<group>"; };
		5C1F8D97ACFE93C74052A19A /* Pods-AppStore.release.xcconfig */ = {isa = PBXFileReference; includeInIndex = 1; lastKnownFileType = text.xcconfig; name = "Pods-AppStore.release.xcconfig"; path = "Target Support Files/Pods-AppStore/Pods-AppStore.release.xcconfig"; sourceTree = "<group>"; };
		6EFE92E9EFF5D5FD7551DB0F /* Pods_AppStore_AppStoreUITests.framework */ = {isa = PBXFileReference; explicitFileType = wrapper.framework; includeInIndex = 0; path = Pods_AppStore_AppStoreUITests.framework; sourceTree = BUILT_PRODUCTS_DIR; };
		82ADF0ADE36DA9DD71A46E46 /* Pods-AppStoreTests.release.xcconfig */ = {isa = PBXFileReference; includeInIndex = 1; lastKnownFileType = text.xcconfig; name = "Pods-AppStoreTests.release.xcconfig"; path = "Target Support Files/Pods-AppStoreTests/Pods-AppStoreTests.release.xcconfig"; sourceTree = "<group>"; };
		AB973A1C3DB205BC4803FA13 /* Pods-AppStore-AppStoreUITests.release.xcconfig */ = {isa = PBXFileReference; includeInIndex = 1; lastKnownFileType = text.xcconfig; name = "Pods-AppStore-AppStoreUITests.release.xcconfig"; path = "Target Support Files/Pods-AppStore-AppStoreUITests/Pods-AppStore-AppStoreUITests.release.xcconfig"; sourceTree = "<group>"; };
		CB93EB2D0E9213F489F7CB3C /* Pods-AppStore-AppStoreUITests.debug.xcconfig */ = {isa = PBXFileReference; includeInIndex = 1; lastKnownFileType = text.xcconfig; name = "Pods-AppStore-AppStoreUITests.debug.xcconfig"; path = "Target Support Files/Pods-AppStore-AppStoreUITests/Pods-AppStore-AppStoreUITests.debug.xcconfig"; sourceTree = "<group>"; };
		D7F7E01BC4AAD28AA2A4C562 /* Pods-AppStoreTests.debug.xcconfig */ = {isa = PBXFileReference; includeInIndex = 1; lastKnownFileType = text.xcconfig; name = "Pods-AppStoreTests.debug.xcconfig"; path = "Target Support Files/Pods-AppStoreTests/Pods-AppStoreTests.debug.xcconfig"; sourceTree = "<group>"; };
		DE5023C39E18CCC733B19B6C /* Pods_AppStore.framework */ = {isa = PBXFileReference; explicitFileType = wrapper.framework; includeInIndex = 0; path = Pods_AppStore.framework; sourceTree = BUILT_PRODUCTS_DIR; };
/* End PBXFileReference section */

/* Begin PBXFrameworksBuildPhase section */
		43C27384274988A80044B67E /* Frameworks */ = {
			isa = PBXFrameworksBuildPhase;
			buildActionMask = 2147483647;
			files = (
				C714D06A9101190C2970F583 /* Pods_AppStore.framework in Frameworks */,
			);
			runOnlyForDeploymentPostprocessing = 0;
		};
		43C2739A274988A90044B67E /* Frameworks */ = {
			isa = PBXFrameworksBuildPhase;
			buildActionMask = 2147483647;
			files = (
				58C1647A150905CD45D0629A /* Pods_AppStoreTests.framework in Frameworks */,
			);
			runOnlyForDeploymentPostprocessing = 0;
		};
		43C273A4274988A90044B67E /* Frameworks */ = {
			isa = PBXFrameworksBuildPhase;
			buildActionMask = 2147483647;
			files = (
				6C36270581AA3ADCDAB9D7E8 /* Pods_AppStore_AppStoreUITests.framework in Frameworks */,
			);
			runOnlyForDeploymentPostprocessing = 0;
		};
/* End PBXFrameworksBuildPhase section */

/* Begin PBXGroup section */
		431948852752D6040023AB63 /* Controller */ = {
			isa = PBXGroup;
			children = (
				431949C7276DF3280023AB63 /* Search */,
				431949C2276DF0A00023AB63 /* Apps */,
				43C273BA2749899A0044B67E /* BaseTabBarController.swift */,
				431949C5276DF2000023AB63 /* BaseListController.swift */,
			);
			path = Controller;
			sourceTree = "<group>";
		};
		4319488827583B170023AB63 /* Views */ = {
			isa = PBXGroup;
			children = (
				431949C8276DF5FF0023AB63 /* Apps */,
				4319488927583B570023AB63 /* SearchResultCell.swift */,
			);
			path = Views;
			sourceTree = "<group>";
		};
		4319488B2758C1880023AB63 /* Helpers */ = {
			isa = PBXGroup;
			children = (
				4319488E2758C2DB0023AB63 /* UIView+Layout.swift */,
				431948902758CD9A0023AB63 /* VerticalStackView.swift */,
				431949CF276E23830023AB63 /* Extensions.swift */,
				431949DD27723D3B0023AB63 /* BetterSnappingLayout.swift */,
			);
			path = Helpers;
			sourceTree = "<group>";
		};
		431949BC276915330023AB63 /* Model */ = {
			isa = PBXGroup;
			children = (
				431949BD2769154D0023AB63 /* SearchResult.swift */,
				431949D7276E4AD00023AB63 /* AppGroup.swift */,
				431949D9277105440023AB63 /* SocialApp.swift */,
				431949EF2778847D0023AB63 /* Reviews.swift */,
			);
			path = Model;
			sourceTree = "<group>";
		};
		431949BF27691C840023AB63 /* Service */ = {
			isa = PBXGroup;
			children = (
				431949C027691C9F0023AB63 /* Service.swift */,
			);
			path = Service;
			sourceTree = "<group>";
		};
		431949C2276DF0A00023AB63 /* Apps */ = {
			isa = PBXGroup;
			children = (
				431949DF277250AE0023AB63 /* Details */,
				431949C3276DF0BE0023AB63 /* AppsPageController.swift */,
				431949CB276DFBA20023AB63 /* AppsHorizontalController.swift */,
				431949D3276E39470023AB63 /* AppsHeaderHorizontalController.swift */,
				431949DB27722FE70023AB63 /* HorizontalSnappingController.swift */,
			);
			path = Apps;
			sourceTree = "<group>";
		};
		431949C7276DF3280023AB63 /* Search */ = {
			isa = PBXGroup;
			children = (
				431948862752D6460023AB63 /* AppsSearchController.swift */,
			);
			path = Search;
			sourceTree = "<group>";
		};
		431949C8276DF5FF0023AB63 /* Apps */ = {
			isa = PBXGroup;
			children = (
				431949E2277337620023AB63 /* Details */,
				431949C9276DF6210023AB63 /* AppsGroupCell.swift */,
				431949CD276E222D0023AB63 /* AppRowCell.swift */,
				431949D1276E35ED0023AB63 /* AppsPageHeader.swift */,
				431949D5276E3CBB0023AB63 /* AppsHeaderCell.swift */,
			);
			path = Apps;
			sourceTree = "<group>";
		};
		431949DF277250AE0023AB63 /* Details */ = {
			isa = PBXGroup;
			children = (
				431949E0277250D20023AB63 /* AppDetailController.swift */,
				431949E72773A93C0023AB63 /* PreviewScreenshotsController.swift */,
				431949EB277797BD0023AB63 /* ReviewsController.swift */,
			);
			path = Details;
			sourceTree = "<group>";
		};
		431949E2277337620023AB63 /* Details */ = {
			isa = PBXGroup;
			children = (
				431949E3277337790023AB63 /* AppDetailCell.swift */,
				431949E52773A61E0023AB63 /* PreviewCell.swift */,
				431949E9277790AC0023AB63 /* ReviewRowCell.swift */,
				431949ED27779B0E0023AB63 /* ReviewCell.swift */,
			);
			path = Details;
			sourceTree = "<group>";
		};
		43C2737E274988A80044B67E = {
			isa = PBXGroup;
			children = (
				43C27389274988A80044B67E /* AppStore */,
				43C273A0274988A90044B67E /* AppStoreTests */,
				43C273AA274988A90044B67E /* AppStoreUITests */,
				43C27388274988A80044B67E /* Products */,
				CFA38EC1413DDB3735CE2018 /* Pods */,
				5577C2690E5D61D9237BA698 /* Frameworks */,
			);
			sourceTree = "<group>";
		};
		43C27388274988A80044B67E /* Products */ = {
			isa = PBXGroup;
			children = (
				43C27387274988A80044B67E /* AppStore.app */,
				43C2739D274988A90044B67E /* AppStoreTests.xctest */,
				43C273A7274988A90044B67E /* AppStoreUITests.xctest */,
			);
			name = Products;
			sourceTree = "<group>";
		};
		43C27389274988A80044B67E /* AppStore */ = {
			isa = PBXGroup;
			children = (
				431949BF27691C840023AB63 /* Service */,
				431949BC276915330023AB63 /* Model */,
				4319488B2758C1880023AB63 /* Helpers */,
				4319488827583B170023AB63 /* Views */,
				431948852752D6040023AB63 /* Controller */,
				43C2738A274988A80044B67E /* AppDelegate.swift */,
				43C2738C274988A80044B67E /* SceneDelegate.swift */,
				43C2738E274988A80044B67E /* ViewController.swift */,
				43C27390274988A80044B67E /* Main.storyboard */,
				43C27393274988A90044B67E /* Assets.xcassets */,
				43C27395274988A90044B67E /* LaunchScreen.storyboard */,
				43C27398274988A90044B67E /* Info.plist */,
			);
			path = AppStore;
			sourceTree = "<group>";
		};
		43C273A0274988A90044B67E /* AppStoreTests */ = {
			isa = PBXGroup;
			children = (
				43C273A1274988A90044B67E /* AppStoreTests.swift */,
			);
			path = AppStoreTests;
			sourceTree = "<group>";
		};
		43C273AA274988A90044B67E /* AppStoreUITests */ = {
			isa = PBXGroup;
			children = (
				43C273AB274988A90044B67E /* AppStoreUITests.swift */,
				43C273AD274988A90044B67E /* AppStoreUITestsLaunchTests.swift */,
			);
			path = AppStoreUITests;
			sourceTree = "<group>";
		};
		5577C2690E5D61D9237BA698 /* Frameworks */ = {
			isa = PBXGroup;
			children = (
				DE5023C39E18CCC733B19B6C /* Pods_AppStore.framework */,
				6EFE92E9EFF5D5FD7551DB0F /* Pods_AppStore_AppStoreUITests.framework */,
				36B30678E3FEDAD5930974C8 /* Pods_AppStoreTests.framework */,
			);
			name = Frameworks;
			sourceTree = "<group>";
		};
		CFA38EC1413DDB3735CE2018 /* Pods */ = {
			isa = PBXGroup;
			children = (
				4A11141C5221600630883753 /* Pods-AppStore.debug.xcconfig */,
				5C1F8D97ACFE93C74052A19A /* Pods-AppStore.release.xcconfig */,
				CB93EB2D0E9213F489F7CB3C /* Pods-AppStore-AppStoreUITests.debug.xcconfig */,
				AB973A1C3DB205BC4803FA13 /* Pods-AppStore-AppStoreUITests.release.xcconfig */,
				D7F7E01BC4AAD28AA2A4C562 /* Pods-AppStoreTests.debug.xcconfig */,
				82ADF0ADE36DA9DD71A46E46 /* Pods-AppStoreTests.release.xcconfig */,
			);
			path = Pods;
			sourceTree = "<group>";
		};
/* End PBXGroup section */

/* Begin PBXNativeTarget section */
		43C27386274988A80044B67E /* AppStore */ = {
			isa = PBXNativeTarget;
			buildConfigurationList = 43C273B1274988A90044B67E /* Build configuration list for PBXNativeTarget "AppStore" */;
			buildPhases = (
				8323B72DB906D80A296DE88D /* [CP] Check Pods Manifest.lock */,
				43C27383274988A80044B67E /* Sources */,
				43C27384274988A80044B67E /* Frameworks */,
				43C27385274988A80044B67E /* Resources */,
				F26957A72AC5C0381EEEB237 /* [CP] Embed Pods Frameworks */,
			);
			buildRules = (
			);
			dependencies = (
			);
			name = AppStore;
			productName = AppStore;
			productReference = 43C27387274988A80044B67E /* AppStore.app */;
			productType = "com.apple.product-type.application";
		};
		43C2739C274988A90044B67E /* AppStoreTests */ = {
			isa = PBXNativeTarget;
			buildConfigurationList = 43C273B4274988A90044B67E /* Build configuration list for PBXNativeTarget "AppStoreTests" */;
			buildPhases = (
				9ABB487FFB5F60DAD046CFEB /* [CP] Check Pods Manifest.lock */,
				43C27399274988A90044B67E /* Sources */,
				43C2739A274988A90044B67E /* Frameworks */,
				43C2739B274988A90044B67E /* Resources */,
			);
			buildRules = (
			);
			dependencies = (
				43C2739F274988A90044B67E /* PBXTargetDependency */,
			);
			name = AppStoreTests;
			productName = AppStoreTests;
			productReference = 43C2739D274988A90044B67E /* AppStoreTests.xctest */;
			productType = "com.apple.product-type.bundle.unit-test";
		};
		43C273A6274988A90044B67E /* AppStoreUITests */ = {
			isa = PBXNativeTarget;
			buildConfigurationList = 43C273B7274988A90044B67E /* Build configuration list for PBXNativeTarget "AppStoreUITests" */;
			buildPhases = (
				562376A44E75616205EAF753 /* [CP] Check Pods Manifest.lock */,
				43C273A3274988A90044B67E /* Sources */,
				43C273A4274988A90044B67E /* Frameworks */,
				43C273A5274988A90044B67E /* Resources */,
				431933EB5B9176C49CE1B13B /* [CP] Embed Pods Frameworks */,
			);
			buildRules = (
			);
			dependencies = (
				43C273A9274988A90044B67E /* PBXTargetDependency */,
			);
			name = AppStoreUITests;
			productName = AppStoreUITests;
			productReference = 43C273A7274988A90044B67E /* AppStoreUITests.xctest */;
			productType = "com.apple.product-type.bundle.ui-testing";
		};
/* End PBXNativeTarget section */

/* Begin PBXProject section */
		43C2737F274988A80044B67E /* Project object */ = {
			isa = PBXProject;
			attributes = {
				BuildIndependentTargetsInParallel = 1;
				LastSwiftUpdateCheck = 1310;
				LastUpgradeCheck = 1310;
				TargetAttributes = {
					43C27386274988A80044B67E = {
						CreatedOnToolsVersion = 13.1;
					};
					43C2739C274988A90044B67E = {
						CreatedOnToolsVersion = 13.1;
						TestTargetID = 43C27386274988A80044B67E;
					};
					43C273A6274988A90044B67E = {
						CreatedOnToolsVersion = 13.1;
						TestTargetID = 43C27386274988A80044B67E;
					};
				};
			};
			buildConfigurationList = 43C27382274988A80044B67E /* Build configuration list for PBXProject "AppStore" */;
			compatibilityVersion = "Xcode 13.0";
			developmentRegion = en;
			hasScannedForEncodings = 0;
			knownRegions = (
				en,
				Base,
			);
			mainGroup = 43C2737E274988A80044B67E;
			productRefGroup = 43C27388274988A80044B67E /* Products */;
			projectDirPath = "";
			projectRoot = "";
			targets = (
				43C27386274988A80044B67E /* AppStore */,
				43C2739C274988A90044B67E /* AppStoreTests */,
				43C273A6274988A90044B67E /* AppStoreUITests */,
			);
		};
/* End PBXProject section */

/* Begin PBXResourcesBuildPhase section */
		43C27385274988A80044B67E /* Resources */ = {
			isa = PBXResourcesBuildPhase;
			buildActionMask = 2147483647;
			files = (
				43C27397274988A90044B67E /* LaunchScreen.storyboard in Resources */,
				43C27394274988A90044B67E /* Assets.xcassets in Resources */,
				43C27392274988A80044B67E /* Main.storyboard in Resources */,
			);
			runOnlyForDeploymentPostprocessing = 0;
		};
		43C2739B274988A90044B67E /* Resources */ = {
			isa = PBXResourcesBuildPhase;
			buildActionMask = 2147483647;
			files = (
			);
			runOnlyForDeploymentPostprocessing = 0;
		};
		43C273A5274988A90044B67E /* Resources */ = {
			isa = PBXResourcesBuildPhase;
			buildActionMask = 2147483647;
			files = (
			);
			runOnlyForDeploymentPostprocessing = 0;
		};
/* End PBXResourcesBuildPhase section */

/* Begin PBXShellScriptBuildPhase section */
		431933EB5B9176C49CE1B13B /* [CP] Embed Pods Frameworks */ = {
			isa = PBXShellScriptBuildPhase;
			buildActionMask = 2147483647;
			files = (
			);
			inputFileListPaths = (
				"${PODS_ROOT}/Target Support Files/Pods-AppStore-AppStoreUITests/Pods-AppStore-AppStoreUITests-frameworks-${CONFIGURATION}-input-files.xcfilelist",
			);
			name = "[CP] Embed Pods Frameworks";
			outputFileListPaths = (
				"${PODS_ROOT}/Target Support Files/Pods-AppStore-AppStoreUITests/Pods-AppStore-AppStoreUITests-frameworks-${CONFIGURATION}-output-files.xcfilelist",
			);
			runOnlyForDeploymentPostprocessing = 0;
			shellPath = /bin/sh;
			shellScript = "\"${PODS_ROOT}/Target Support Files/Pods-AppStore-AppStoreUITests/Pods-AppStore-AppStoreUITests-frameworks.sh\"\n";
			showEnvVarsInLog = 0;
		};
		562376A44E75616205EAF753 /* [CP] Check Pods Manifest.lock */ = {
			isa = PBXShellScriptBuildPhase;
			buildActionMask = 2147483647;
			files = (
			);
			inputFileListPaths = (
			);
			inputPaths = (
				"${PODS_PODFILE_DIR_PATH}/Podfile.lock",
				"${PODS_ROOT}/Manifest.lock",
			);
			name = "[CP] Check Pods Manifest.lock";
			outputFileListPaths = (
			);
			outputPaths = (
				"$(DERIVED_FILE_DIR)/Pods-AppStore-AppStoreUITests-checkManifestLockResult.txt",
			);
			runOnlyForDeploymentPostprocessing = 0;
			shellPath = /bin/sh;
			shellScript = "diff \"${PODS_PODFILE_DIR_PATH}/Podfile.lock\" \"${PODS_ROOT}/Manifest.lock\" > /dev/null\nif [ $? != 0 ] ; then\n    # print error to STDERR\n    echo \"error: The sandbox is not in sync with the Podfile.lock. Run 'pod install' or update your CocoaPods installation.\" >&2\n    exit 1\nfi\n# This output is used by Xcode 'outputs' to avoid re-running this script phase.\necho \"SUCCESS\" > \"${SCRIPT_OUTPUT_FILE_0}\"\n";
			showEnvVarsInLog = 0;
		};
		8323B72DB906D80A296DE88D /* [CP] Check Pods Manifest.lock */ = {
			isa = PBXShellScriptBuildPhase;
			buildActionMask = 2147483647;
			files = (
			);
			inputFileListPaths = (
			);
			inputPaths = (
				"${PODS_PODFILE_DIR_PATH}/Podfile.lock",
				"${PODS_ROOT}/Manifest.lock",
			);
			name = "[CP] Check Pods Manifest.lock";
			outputFileListPaths = (
			);
			outputPaths = (
				"$(DERIVED_FILE_DIR)/Pods-AppStore-checkManifestLockResult.txt",
			);
			runOnlyForDeploymentPostprocessing = 0;
			shellPath = /bin/sh;
			shellScript = "diff \"${PODS_PODFILE_DIR_PATH}/Podfile.lock\" \"${PODS_ROOT}/Manifest.lock\" > /dev/null\nif [ $? != 0 ] ; then\n    # print error to STDERR\n    echo \"error: The sandbox is not in sync with the Podfile.lock. Run 'pod install' or update your CocoaPods installation.\" >&2\n    exit 1\nfi\n# This output is used by Xcode 'outputs' to avoid re-running this script phase.\necho \"SUCCESS\" > \"${SCRIPT_OUTPUT_FILE_0}\"\n";
			showEnvVarsInLog = 0;
		};
		9ABB487FFB5F60DAD046CFEB /* [CP] Check Pods Manifest.lock */ = {
			isa = PBXShellScriptBuildPhase;
			buildActionMask = 2147483647;
			files = (
			);
			inputFileListPaths = (
			);
			inputPaths = (
				"${PODS_PODFILE_DIR_PATH}/Podfile.lock",
				"${PODS_ROOT}/Manifest.lock",
			);
			name = "[CP] Check Pods Manifest.lock";
			outputFileListPaths = (
			);
			outputPaths = (
				"$(DERIVED_FILE_DIR)/Pods-AppStoreTests-checkManifestLockResult.txt",
			);
			runOnlyForDeploymentPostprocessing = 0;
			shellPath = /bin/sh;
			shellScript = "diff \"${PODS_PODFILE_DIR_PATH}/Podfile.lock\" \"${PODS_ROOT}/Manifest.lock\" > /dev/null\nif [ $? != 0 ] ; then\n    # print error to STDERR\n    echo \"error: The sandbox is not in sync with the Podfile.lock. Run 'pod install' or update your CocoaPods installation.\" >&2\n    exit 1\nfi\n# This output is used by Xcode 'outputs' to avoid re-running this script phase.\necho \"SUCCESS\" > \"${SCRIPT_OUTPUT_FILE_0}\"\n";
			showEnvVarsInLog = 0;
		};
		F26957A72AC5C0381EEEB237 /* [CP] Embed Pods Frameworks */ = {
			isa = PBXShellScriptBuildPhase;
			buildActionMask = 2147483647;
			files = (
			);
			inputFileListPaths = (
				"${PODS_ROOT}/Target Support Files/Pods-AppStore/Pods-AppStore-frameworks-${CONFIGURATION}-input-files.xcfilelist",
			);
			name = "[CP] Embed Pods Frameworks";
			outputFileListPaths = (
				"${PODS_ROOT}/Target Support Files/Pods-AppStore/Pods-AppStore-frameworks-${CONFIGURATION}-output-files.xcfilelist",
			);
			runOnlyForDeploymentPostprocessing = 0;
			shellPath = /bin/sh;
			shellScript = "\"${PODS_ROOT}/Target Support Files/Pods-AppStore/Pods-AppStore-frameworks.sh\"\n";
			showEnvVarsInLog = 0;
		};
/* End PBXShellScriptBuildPhase section */

/* Begin PBXSourcesBuildPhase section */
		43C27383274988A80044B67E /* Sources */ = {
			isa = PBXSourcesBuildPhase;
			buildActionMask = 2147483647;
			files = (
				4319488F2758C2DB0023AB63 /* UIView+Layout.swift in Sources */,
				431949EE27779B0E0023AB63 /* ReviewCell.swift in Sources */,
				431949DA277105440023AB63 /* SocialApp.swift in Sources */,
				431949C4276DF0BE0023AB63 /* AppsPageController.swift in Sources */,
				431949BE2769154D0023AB63 /* SearchResult.swift in Sources */,
				431949E82773A93C0023AB63 /* PreviewScreenshotsController.swift in Sources */,
				43C273BB2749899A0044B67E /* BaseTabBarController.swift in Sources */,
				43C2738F274988A80044B67E /* ViewController.swift in Sources */,
				43C2738B274988A80044B67E /* AppDelegate.swift in Sources */,
				431949CA276DF6210023AB63 /* AppsGroupCell.swift in Sources */,
				431948872752D6460023AB63 /* AppsSearchController.swift in Sources */,
				431949DC27722FE70023AB63 /* HorizontalSnappingController.swift in Sources */,
				431949DE27723D3B0023AB63 /* BetterSnappingLayout.swift in Sources */,
				431948912758CD9A0023AB63 /* VerticalStackView.swift in Sources */,
				431949E1277250D20023AB63 /* AppDetailController.swift in Sources */,
				431949C127691C9F0023AB63 /* Service.swift in Sources */,
				431949D4276E39470023AB63 /* AppsHeaderHorizontalController.swift in Sources */,
				431949D2276E35ED0023AB63 /* AppsPageHeader.swift in Sources */,
				4319488A27583B570023AB63 /* SearchResultCell.swift in Sources */,
				431949EC277797BD0023AB63 /* ReviewsController.swift in Sources */,
				431949D0276E23830023AB63 /* Extensions.swift in Sources */,
				431949C6276DF2000023AB63 /* BaseListController.swift in Sources */,
				431949D8276E4AD00023AB63 /* AppGroup.swift in Sources */,
				431949F02778847D0023AB63 /* Reviews.swift in Sources */,
				431949E42773377A0023AB63 /* AppDetailCell.swift in Sources */,
				431949D6276E3CBB0023AB63 /* AppsHeaderCell.swift in Sources */,
				431949E62773A61E0023AB63 /* PreviewCell.swift in Sources */,
				431949EA277790AC0023AB63 /* ReviewRowCell.swift in Sources */,
				431949CC276DFBA20023AB63 /* AppsHorizontalController.swift in Sources */,
				43C2738D274988A80044B67E /* SceneDelegate.swift in Sources */,
				431949CE276E222D0023AB63 /* AppRowCell.swift in Sources */,
			);
			runOnlyForDeploymentPostprocessing = 0;
		};
		43C27399274988A90044B67E /* Sources */ = {
			isa = PBXSourcesBuildPhase;
			buildActionMask = 2147483647;
			files = (
				43C273A2274988A90044B67E /* AppStoreTests.swift in Sources */,
			);
			runOnlyForDeploymentPostprocessing = 0;
		};
		43C273A3274988A90044B67E /* Sources */ = {
			isa = PBXSourcesBuildPhase;
			buildActionMask = 2147483647;
			files = (
				43C273AE274988A90044B67E /* AppStoreUITestsLaunchTests.swift in Sources */,
				43C273AC274988A90044B67E /* AppStoreUITests.swift in Sources */,
			);
			runOnlyForDeploymentPostprocessing = 0;
		};
/* End PBXSourcesBuildPhase section */

/* Begin PBXTargetDependency section */
		43C2739F274988A90044B67E /* PBXTargetDependency */ = {
			isa = PBXTargetDependency;
			target = 43C27386274988A80044B67E /* AppStore */;
			targetProxy = 43C2739E274988A90044B67E /* PBXContainerItemProxy */;
		};
		43C273A9274988A90044B67E /* PBXTargetDependency */ = {
			isa = PBXTargetDependency;
			target = 43C27386274988A80044B67E /* AppStore */;
			targetProxy = 43C273A8274988A90044B67E /* PBXContainerItemProxy */;
		};
/* End PBXTargetDependency section */

/* Begin PBXVariantGroup section */
		43C27390274988A80044B67E /* Main.storyboard */ = {
			isa = PBXVariantGroup;
			children = (
				43C27391274988A80044B67E /* Base */,
			);
			name = Main.storyboard;
			sourceTree = "<group>";
		};
		43C27395274988A90044B67E /* LaunchScreen.storyboard */ = {
			isa = PBXVariantGroup;
			children = (
				43C27396274988A90044B67E /* Base */,
			);
			name = LaunchScreen.storyboard;
			sourceTree = "<group>";
		};
/* End PBXVariantGroup section */

/* Begin XCBuildConfiguration section */
		43C273AF274988A90044B67E /* Debug */ = {
			isa = XCBuildConfiguration;
			buildSettings = {
				ALWAYS_SEARCH_USER_PATHS = NO;
				CLANG_ANALYZER_NONNULL = YES;
				CLANG_ANALYZER_NUMBER_OBJECT_CONVERSION = YES_AGGRESSIVE;
				CLANG_CXX_LANGUAGE_STANDARD = "gnu++17";
				CLANG_CXX_LIBRARY = "libc++";
				CLANG_ENABLE_MODULES = YES;
				CLANG_ENABLE_OBJC_ARC = YES;
				CLANG_ENABLE_OBJC_WEAK = YES;
				CLANG_WARN_BLOCK_CAPTURE_AUTORELEASING = YES;
				CLANG_WARN_BOOL_CONVERSION = YES;
				CLANG_WARN_COMMA = YES;
				CLANG_WARN_CONSTANT_CONVERSION = YES;
				CLANG_WARN_DEPRECATED_OBJC_IMPLEMENTATIONS = YES;
				CLANG_WARN_DIRECT_OBJC_ISA_USAGE = YES_ERROR;
				CLANG_WARN_DOCUMENTATION_COMMENTS = YES;
				CLANG_WARN_EMPTY_BODY = YES;
				CLANG_WARN_ENUM_CONVERSION = YES;
				CLANG_WARN_INFINITE_RECURSION = YES;
				CLANG_WARN_INT_CONVERSION = YES;
				CLANG_WARN_NON_LITERAL_NULL_CONVERSION = YES;
				CLANG_WARN_OBJC_IMPLICIT_RETAIN_SELF = YES;
				CLANG_WARN_OBJC_LITERAL_CONVERSION = YES;
				CLANG_WARN_OBJC_ROOT_CLASS = YES_ERROR;
				CLANG_WARN_QUOTED_INCLUDE_IN_FRAMEWORK_HEADER = YES;
				CLANG_WARN_RANGE_LOOP_ANALYSIS = YES;
				CLANG_WARN_STRICT_PROTOTYPES = YES;
				CLANG_WARN_SUSPICIOUS_MOVE = YES;
				CLANG_WARN_UNGUARDED_AVAILABILITY = YES_AGGRESSIVE;
				CLANG_WARN_UNREACHABLE_CODE = YES;
				CLANG_WARN__DUPLICATE_METHOD_MATCH = YES;
				COPY_PHASE_STRIP = NO;
				DEBUG_INFORMATION_FORMAT = dwarf;
				ENABLE_STRICT_OBJC_MSGSEND = YES;
				ENABLE_TESTABILITY = YES;
				GCC_C_LANGUAGE_STANDARD = gnu11;
				GCC_DYNAMIC_NO_PIC = NO;
				GCC_NO_COMMON_BLOCKS = YES;
				GCC_OPTIMIZATION_LEVEL = 0;
				GCC_PREPROCESSOR_DEFINITIONS = (
					"DEBUG=1",
					"$(inherited)",
				);
				GCC_WARN_64_TO_32_BIT_CONVERSION = YES;
				GCC_WARN_ABOUT_RETURN_TYPE = YES_ERROR;
				GCC_WARN_UNDECLARED_SELECTOR = YES;
				GCC_WARN_UNINITIALIZED_AUTOS = YES_AGGRESSIVE;
				GCC_WARN_UNUSED_FUNCTION = YES;
				GCC_WARN_UNUSED_VARIABLE = YES;
				IPHONEOS_DEPLOYMENT_TARGET = 15.0;
				MTL_ENABLE_DEBUG_INFO = INCLUDE_SOURCE;
				MTL_FAST_MATH = YES;
				ONLY_ACTIVE_ARCH = YES;
				SDKROOT = iphoneos;
				SWIFT_ACTIVE_COMPILATION_CONDITIONS = DEBUG;
				SWIFT_OPTIMIZATION_LEVEL = "-Onone";
			};
			name = Debug;
		};
		43C273B0274988A90044B67E /* Release */ = {
			isa = XCBuildConfiguration;
			buildSettings = {
				ALWAYS_SEARCH_USER_PATHS = NO;
				CLANG_ANALYZER_NONNULL = YES;
				CLANG_ANALYZER_NUMBER_OBJECT_CONVERSION = YES_AGGRESSIVE;
				CLANG_CXX_LANGUAGE_STANDARD = "gnu++17";
				CLANG_CXX_LIBRARY = "libc++";
				CLANG_ENABLE_MODULES = YES;
				CLANG_ENABLE_OBJC_ARC = YES;
				CLANG_ENABLE_OBJC_WEAK = YES;
				CLANG_WARN_BLOCK_CAPTURE_AUTORELEASING = YES;
				CLANG_WARN_BOOL_CONVERSION = YES;
				CLANG_WARN_COMMA = YES;
				CLANG_WARN_CONSTANT_CONVERSION = YES;
				CLANG_WARN_DEPRECATED_OBJC_IMPLEMENTATIONS = YES;
				CLANG_WARN_DIRECT_OBJC_ISA_USAGE = YES_ERROR;
				CLANG_WARN_DOCUMENTATION_COMMENTS = YES;
				CLANG_WARN_EMPTY_BODY = YES;
				CLANG_WARN_ENUM_CONVERSION = YES;
				CLANG_WARN_INFINITE_RECURSION = YES;
				CLANG_WARN_INT_CONVERSION = YES;
				CLANG_WARN_NON_LITERAL_NULL_CONVERSION = YES;
				CLANG_WARN_OBJC_IMPLICIT_RETAIN_SELF = YES;
				CLANG_WARN_OBJC_LITERAL_CONVERSION = YES;
				CLANG_WARN_OBJC_ROOT_CLASS = YES_ERROR;
				CLANG_WARN_QUOTED_INCLUDE_IN_FRAMEWORK_HEADER = YES;
				CLANG_WARN_RANGE_LOOP_ANALYSIS = YES;
				CLANG_WARN_STRICT_PROTOTYPES = YES;
				CLANG_WARN_SUSPICIOUS_MOVE = YES;
				CLANG_WARN_UNGUARDED_AVAILABILITY = YES_AGGRESSIVE;
				CLANG_WARN_UNREACHABLE_CODE = YES;
				CLANG_WARN__DUPLICATE_METHOD_MATCH = YES;
				COPY_PHASE_STRIP = NO;
				DEBUG_INFORMATION_FORMAT = "dwarf-with-dsym";
				ENABLE_NS_ASSERTIONS = NO;
				ENABLE_STRICT_OBJC_MSGSEND = YES;
				GCC_C_LANGUAGE_STANDARD = gnu11;
				GCC_NO_COMMON_BLOCKS = YES;
				GCC_WARN_64_TO_32_BIT_CONVERSION = YES;
				GCC_WARN_ABOUT_RETURN_TYPE = YES_ERROR;
				GCC_WARN_UNDECLARED_SELECTOR = YES;
				GCC_WARN_UNINITIALIZED_AUTOS = YES_AGGRESSIVE;
				GCC_WARN_UNUSED_FUNCTION = YES;
				GCC_WARN_UNUSED_VARIABLE = YES;
				IPHONEOS_DEPLOYMENT_TARGET = 15.0;
				MTL_ENABLE_DEBUG_INFO = NO;
				MTL_FAST_MATH = YES;
				SDKROOT = iphoneos;
				SWIFT_COMPILATION_MODE = wholemodule;
				SWIFT_OPTIMIZATION_LEVEL = "-O";
				VALIDATE_PRODUCT = YES;
			};
			name = Release;
		};
		43C273B2274988A90044B67E /* Debug */ = {
			isa = XCBuildConfiguration;
			baseConfigurationReference = 4A11141C5221600630883753 /* Pods-AppStore.debug.xcconfig */;
			buildSettings = {
				ASSETCATALOG_COMPILER_APPICON_NAME = AppIcon;
				ASSETCATALOG_COMPILER_GLOBAL_ACCENT_COLOR_NAME = AccentColor;
				CODE_SIGN_STYLE = Automatic;
				CURRENT_PROJECT_VERSION = 1;
				DEVELOPMENT_TEAM = 86UBUQTKP2;
				GENERATE_INFOPLIST_FILE = YES;
				INFOPLIST_FILE = AppStore/Info.plist;
				INFOPLIST_KEY_UIApplicationSupportsIndirectInputEvents = YES;
				INFOPLIST_KEY_UILaunchStoryboardName = LaunchScreen;
				INFOPLIST_KEY_UIMainStoryboardFile = Main;
				INFOPLIST_KEY_UISupportedInterfaceOrientations_iPad = "UIInterfaceOrientationPortrait UIInterfaceOrientationPortraitUpsideDown UIInterfaceOrientationLandscapeLeft UIInterfaceOrientationLandscapeRight";
				INFOPLIST_KEY_UISupportedInterfaceOrientations_iPhone = "UIInterfaceOrientationPortrait UIInterfaceOrientationLandscapeLeft UIInterfaceOrientationLandscapeRight";
				IPHONEOS_DEPLOYMENT_TARGET = 14.0;
				LD_RUNPATH_SEARCH_PATHS = (
					"$(inherited)",
					"@executable_path/Frameworks",
				);
				MARKETING_VERSION = 1.0;
				PRODUCT_BUNDLE_IDENTIFIER = yerlan.AppStore;
				PRODUCT_NAME = "$(TARGET_NAME)";
				SWIFT_EMIT_LOC_STRINGS = YES;
				SWIFT_VERSION = 5.0;
				TARGETED_DEVICE_FAMILY = "1,2";
			};
			name = Debug;
		};
		43C273B3274988A90044B67E /* Release */ = {
			isa = XCBuildConfiguration;
			baseConfigurationReference = 5C1F8D97ACFE93C74052A19A /* Pods-AppStore.release.xcconfig */;
			buildSettings = {
				ASSETCATALOG_COMPILER_APPICON_NAME = AppIcon;
				ASSETCATALOG_COMPILER_GLOBAL_ACCENT_COLOR_NAME = AccentColor;
				CODE_SIGN_STYLE = Automatic;
				CURRENT_PROJECT_VERSION = 1;
				DEVELOPMENT_TEAM = 86UBUQTKP2;
				GENERATE_INFOPLIST_FILE = YES;
				INFOPLIST_FILE = AppStore/Info.plist;
				INFOPLIST_KEY_UIApplicationSupportsIndirectInputEvents = YES;
				INFOPLIST_KEY_UILaunchStoryboardName = LaunchScreen;
				INFOPLIST_KEY_UIMainStoryboardFile = Main;
				INFOPLIST_KEY_UISupportedInterfaceOrientations_iPad = "UIInterfaceOrientationPortrait UIInterfaceOrientationPortraitUpsideDown UIInterfaceOrientationLandscapeLeft UIInterfaceOrientationLandscapeRight";
				INFOPLIST_KEY_UISupportedInterfaceOrientations_iPhone = "UIInterfaceOrientationPortrait UIInterfaceOrientationLandscapeLeft UIInterfaceOrientationLandscapeRight";
				IPHONEOS_DEPLOYMENT_TARGET = 14.0;
				LD_RUNPATH_SEARCH_PATHS = (
					"$(inherited)",
					"@executable_path/Frameworks",
				);
				MARKETING_VERSION = 1.0;
				PRODUCT_BUNDLE_IDENTIFIER = yerlan.AppStore;
				PRODUCT_NAME = "$(TARGET_NAME)";
				SWIFT_EMIT_LOC_STRINGS = YES;
				SWIFT_VERSION = 5.0;
				TARGETED_DEVICE_FAMILY = "1,2";
			};
			name = Release;
		};
		43C273B5274988A90044B67E /* Debug */ = {
			isa = XCBuildConfiguration;
			baseConfigurationReference = D7F7E01BC4AAD28AA2A4C562 /* Pods-AppStoreTests.debug.xcconfig */;
			buildSettings = {
				ALWAYS_EMBED_SWIFT_STANDARD_LIBRARIES = YES;
				BUNDLE_LOADER = "$(TEST_HOST)";
				CODE_SIGN_STYLE = Automatic;
				CURRENT_PROJECT_VERSION = 1;
				DEVELOPMENT_TEAM = 86UBUQTKP2;
				GENERATE_INFOPLIST_FILE = YES;
				IPHONEOS_DEPLOYMENT_TARGET = 15.0;
				LD_RUNPATH_SEARCH_PATHS = (
					"$(inherited)",
					"@executable_path/Frameworks",
					"@loader_path/Frameworks",
				);
				MARKETING_VERSION = 1.0;
				PRODUCT_BUNDLE_IDENTIFIER = yerlan.AppStoreTests;
				PRODUCT_NAME = "$(TARGET_NAME)";
				SWIFT_EMIT_LOC_STRINGS = NO;
				SWIFT_VERSION = 5.0;
				TARGETED_DEVICE_FAMILY = "1,2";
				TEST_HOST = "$(BUILT_PRODUCTS_DIR)/AppStore.app/AppStore";
			};
			name = Debug;
		};
		43C273B6274988A90044B67E /* Release */ = {
			isa = XCBuildConfiguration;
			baseConfigurationReference = 82ADF0ADE36DA9DD71A46E46 /* Pods-AppStoreTests.release.xcconfig */;
			buildSettings = {
				ALWAYS_EMBED_SWIFT_STANDARD_LIBRARIES = YES;
				BUNDLE_LOADER = "$(TEST_HOST)";
				CODE_SIGN_STYLE = Automatic;
				CURRENT_PROJECT_VERSION = 1;
				DEVELOPMENT_TEAM = 86UBUQTKP2;
				GENERATE_INFOPLIST_FILE = YES;
				IPHONEOS_DEPLOYMENT_TARGET = 15.0;
				LD_RUNPATH_SEARCH_PATHS = (
					"$(inherited)",
					"@executable_path/Frameworks",
					"@loader_path/Frameworks",
				);
				MARKETING_VERSION = 1.0;
				PRODUCT_BUNDLE_IDENTIFIER = yerlan.AppStoreTests;
				PRODUCT_NAME = "$(TARGET_NAME)";
				SWIFT_EMIT_LOC_STRINGS = NO;
				SWIFT_VERSION = 5.0;
				TARGETED_DEVICE_FAMILY = "1,2";
				TEST_HOST = "$(BUILT_PRODUCTS_DIR)/AppStore.app/AppStore";
			};
			name = Release;
		};
		43C273B8274988A90044B67E /* Debug */ = {
			isa = XCBuildConfiguration;
			baseConfigurationReference = CB93EB2D0E9213F489F7CB3C /* Pods-AppStore-AppStoreUITests.debug.xcconfig */;
			buildSettings = {
				ALWAYS_EMBED_SWIFT_STANDARD_LIBRARIES = YES;
				CODE_SIGN_STYLE = Automatic;
				CURRENT_PROJECT_VERSION = 1;
				DEVELOPMENT_TEAM = 86UBUQTKP2;
				GENERATE_INFOPLIST_FILE = YES;
				LD_RUNPATH_SEARCH_PATHS = (
					"$(inherited)",
					"@executable_path/Frameworks",
					"@loader_path/Frameworks",
				);
				MARKETING_VERSION = 1.0;
				PRODUCT_BUNDLE_IDENTIFIER = yerlan.AppStoreUITests;
				PRODUCT_NAME = "$(TARGET_NAME)";
				SWIFT_EMIT_LOC_STRINGS = NO;
				SWIFT_VERSION = 5.0;
				TARGETED_DEVICE_FAMILY = "1,2";
				TEST_TARGET_NAME = AppStore;
			};
			name = Debug;
		};
		43C273B9274988A90044B67E /* Release */ = {
			isa = XCBuildConfiguration;
			baseConfigurationReference = AB973A1C3DB205BC4803FA13 /* Pods-AppStore-AppStoreUITests.release.xcconfig */;
			buildSettings = {
				ALWAYS_EMBED_SWIFT_STANDARD_LIBRARIES = YES;
				CODE_SIGN_STYLE = Automatic;
				CURRENT_PROJECT_VERSION = 1;
				DEVELOPMENT_TEAM = 86UBUQTKP2;
				GENERATE_INFOPLIST_FILE = YES;
				LD_RUNPATH_SEARCH_PATHS = (
					"$(inherited)",
					"@executable_path/Frameworks",
					"@loader_path/Frameworks",
				);
				MARKETING_VERSION = 1.0;
				PRODUCT_BUNDLE_IDENTIFIER = yerlan.AppStoreUITests;
				PRODUCT_NAME = "$(TARGET_NAME)";
				SWIFT_EMIT_LOC_STRINGS = NO;
				SWIFT_VERSION = 5.0;
				TARGETED_DEVICE_FAMILY = "1,2";
				TEST_TARGET_NAME = AppStore;
			};
			name = Release;
		};
/* End XCBuildConfiguration section */

/* Begin XCConfigurationList section */
		43C27382274988A80044B67E /* Build configuration list for PBXProject "AppStore" */ = {
			isa = XCConfigurationList;
			buildConfigurations = (
				43C273AF274988A90044B67E /* Debug */,
				43C273B0274988A90044B67E /* Release */,
			);
			defaultConfigurationIsVisible = 0;
			defaultConfigurationName = Release;
		};
		43C273B1274988A90044B67E /* Build configuration list for PBXNativeTarget "AppStore" */ = {
			isa = XCConfigurationList;
			buildConfigurations = (
				43C273B2274988A90044B67E /* Debug */,
				43C273B3274988A90044B67E /* Release */,
			);
			defaultConfigurationIsVisible = 0;
			defaultConfigurationName = Release;
		};
		43C273B4274988A90044B67E /* Build configuration list for PBXNativeTarget "AppStoreTests" */ = {
			isa = XCConfigurationList;
			buildConfigurations = (
				43C273B5274988A90044B67E /* Debug */,
				43C273B6274988A90044B67E /* Release */,
			);
			defaultConfigurationIsVisible = 0;
			defaultConfigurationName = Release;
		};
		43C273B7274988A90044B67E /* Build configuration list for PBXNativeTarget "AppStoreUITests" */ = {
			isa = XCConfigurationList;
			buildConfigurations = (
				43C273B8274988A90044B67E /* Debug */,
				43C273B9274988A90044B67E /* Release */,
			);
			defaultConfigurationIsVisible = 0;
			defaultConfigurationName = Release;
		};
/* End XCConfigurationList section */
	};
	rootObject = 43C2737F274988A80044B67E /* Project object */;
}
